
Microsoft Visual Studio Solution File, Format Version 12.00
# Visual Studio 15
VisualStudioVersion = 15.0.28307.960
MinimumVisualStudioVersion = 10.0.40219.1
Project("{8BC9CEB8-8B4A-11D0-8D11-00A0C91BC944}") = "Dvorak", ".\kbddvk.vcxproj", "{C0EEA84C-F880-43B1-9522-E08CCBF17478}"
EndProject
Project("{8BC9CEB8-8B4A-11D0-8D11-00A0C91BC944}") = "Dvorak103", ".\103\kbddv103k.vcxproj", "{54224DC1-A9FC-4806-A9C2-6A314E9D0C98}"
EndProject
Global
	GlobalSection(SolutionConfigurationPlatforms) = preSolution
		Debug|ARM = Debug|ARM
		Debug|ARM64 = Debug|ARM64
		Debug|x64 = Debug|x64
		Debug|x86 = Debug|x86
		Release|ARM = Release|ARM
		Release|ARM64 = Release|ARM64
		Release|x64 = Release|x64
		Release|x86 = Release|x86
	EndGlobalSection
	GlobalSection(ProjectConfigurationPlatforms) = postSolution
		{C0EEA84C-F880-43B1-9522-E08CCBF17478}.Debug|x64.ActiveCfg = Debug|x64
		{C0EEA84C-F880-43B1-9522-E08CCBF17478}.Debug|x64.Build.0 = Debug|x64
		{C0EEA84C-F880-43B1-9522-E08CCBF17478}.Debug|x64.Deploy.0 = Debug|x64
		{C0EEA84C-F880-43B1-9522-E08CCBF17478}.Debug|x86.ActiveCfg = Debug|Win32
		{C0EEA84C-F880-43B1-9522-E08CCBF17478}.Debug|x86.Build.0 = Debug|Win32
		{C0EEA84C-F880-43B1-9522-E08CCBF17478}.Debug|x86.Deploy.0 = Debug|Win32
		{C0EEA84C-F880-43B1-9522-E08CCBF17478}.Release|x64.ActiveCfg = Release|x64
		{C0EEA84C-F880-43B1-9522-E08CCBF17478}.Release|x64.Build.0 = Release|x64
		{C0EEA84C-F880-43B1-9522-E08CCBF17478}.Release|x64.Deploy.0 = Release|x64
		{C0EEA84C-F880-43B1-9522-E08CCBF17478}.Release|x86.ActiveCfg = Release|Win32
		{C0EEA84C-F880-43B1-9522-E08CCBF17478}.Release|x86.Build.0 = Release|Win32
		{C0EEA84C-F880-43B1-9522-E08CCBF17478}.Release|x86.Deploy.0 = Release|Win32
		{C0EEA84C-F880-43B1-9522-E08CCBF17478}.Debug|ARM.ActiveCfg = Debug|ARM
		{C0EEA84C-F880-43B1-9522-E08CCBF17478}.Debug|ARM.Build.0 = Debug|ARM
		{C0EEA84C-F880-43B1-9522-E08CCBF17478}.Debug|ARM.Deploy.0 = Debug|ARM
		{C0EEA84C-F880-43B1-9522-E08CCBF17478}.Debug|ARM64.ActiveCfg = Debug|ARM64
		{C0EEA84C-F880-43B1-9522-E08CCBF17478}.Debug|ARM64.Build.0 = Debug|ARM64
		{C0EEA84C-F880-43B1-9522-E08CCBF17478}.Debug|ARM64.Deploy.0 = Debug|ARM64
		{54224DC1-A9FC-4806-A9C2-6A314E9D0C98}.Debug|x64.ActiveCfg = Debug|x64
		{54224DC1-A9FC-4806-A9C2-6A314E9D0C98}.Debug|x64.Build.0 = Debug|x64
		{54224DC1-A9FC-4806-A9C2-6A314E9D0C98}.Debug|x64.Deploy.0 = Debug|x64
		{54224DC1-A9FC-4806-A9C2-6A314E9D0C98}.Debug|x86.ActiveCfg = Debug|Win32
		{54224DC1-A9FC-4806-A9C2-6A314E9D0C98}.Debug|x86.Build.0 = Debug|Win32
		{54224DC1-A9FC-4806-A9C2-6A314E9D0C98}.Debug|x86.Deploy.0 = Debug|Win32
		{54224DC1-A9FC-4806-A9C2-6A314E9D0C98}.Release|x64.ActiveCfg = Release|x64
		{54224DC1-A9FC-4806-A9C2-6A314E9D0C98}.Release|x64.Build.0 = Release|x64
		{54224DC1-A9FC-4806-A9C2-6A314E9D0C98}.Release|x64.Deploy.0 = Release|x64
		{54224DC1-A9FC-4806-A9C2-6A314E9D0C98}.Release|x86.ActiveCfg = Release|Win32
		{54224DC1-A9FC-4806-A9C2-6A314E9D0C98}.Release|x86.Build.0 = Release|Win32
		{54224DC1-A9FC-4806-A9C2-6A314E9D0C98}.Release|x86.Deploy.0 = Release|Win32
		{54224DC1-A9FC-4806-A9C2-6A314E9D0C98}.Release|ARM.ActiveCfg = Release|ARM
		{54224DC1-A9FC-4806-A9C2-6A314E9D0C98}.Release|ARM.Build.0 = Release|ARM
		{54224DC1-A9FC-4806-A9C2-6A314E9D0C98}.Release|ARM.Deploy.0 = Release|ARM
		{54224DC1-A9FC-4806-A9C2-6A314E9D0C98}.Release|ARM64.ActiveCfg = Release|ARM64
		{54224DC1-A9FC-4806-A9C2-6A314E9D0C98}.Release|ARM64.Build.0 = Release|ARM64
		{54224DC1-A9FC-4806-A9C2-6A314E9D0C98}.Release|ARM64.Deploy.0 = Release|ARM64
	EndGlobalSection
	GlobalSection(SolutionProperties) = preSolution
		HideSolutionNode = FALSE
	EndGlobalSection
	GlobalSection(ExtensibilityGlobals) = postSolution
		SolutionGuid = {F8E07632-0D67-4518-8D8F-9D5F502A7798}
	EndGlobalSection
EndGlobal
